{
  "name": "redis-chat-app",
  "lockfileVersion": 3,
  "requires": true,
  "packages": {
    "": {
      "dependencies": {
        "react-modern-drawer": "^1.2.2"
      }
    },
    "node_modules/react-modern-drawer": {
      "version": "1.2.2",
      "resolved": "https://registry.npmjs.org/react-modern-drawer/-/react-modern-drawer-1.2.2.tgz",
      "integrity": "sha512-SXUNjofHzeoEas0kdMWWafuF2+vwdtbQD1cpkHxo7oyFj3v+2l2CMeJjc/GodYsnxVhSiYj75xosMJXXed9ykQ==",
      "engines": {
        "node": ">=10"
      },
      "peerDependencies": {
        "react": ">16.0.0"
      }
    }
  }
}
